
Microsoft Visual Studio Solution File, Format Version 12.00
# Visual Studio Version 16
VisualStudioVersion = 16.0.31205.134
MinimumVisualStudioVersion = 10.0.40219.1
Project("{FAE04EC0-301F-11D3-BF4B-00C04F79EFBC}") = "SampleCode", "SampleCode.csproj", "{B552F8B2-4BD8-4143-B359-B16A1F348EDE}"
EndProject
Project("{FAE04EC0-301F-11D3-BF4B-00C04F79EFBC}") = "ClientApp", "..\ClientApp\ClientApp.csproj", "{59B58290-1C6B-4965-9D0F-4C5C08396092}"
EndProject
Global
	GlobalSection(SolutionConfigurationPlatforms) = preSolution
		Debug|Any CPU = Debug|Any CPU
		Release|Any CPU = Release|Any CPU
	EndGlobalSection
	GlobalSection(ProjectConfigurationPlatforms) = postSolution
		{B552F8B2-4BD8-4143-B359-B16A1F348EDE}.Debug|Any CPU.ActiveCfg = Debug|Any CPU
		{B552F8B2-4BD8-4143-B359-B16A1F348EDE}.Debug|Any CPU.Build.0 = Debug|Any CPU
		{B552F8B2-4BD8-4143-B359-B16A1F348EDE}.Release|Any CPU.ActiveCfg = Release|Any CPU
		{B552F8B2-4BD8-4143-B359-B16A1F348EDE}.Release|Any CPU.Build.0 = Release|Any CPU
		{59B58290-1C6B-4965-9D0F-4C5C08396092}.Debug|Any CPU.ActiveCfg = Debug|Any CPU
		{59B58290-1C6B-4965-9D0F-4C5C08396092}.Debug|Any CPU.Build.0 = Debug|Any CPU
		{59B58290-1C6B-4965-9D0F-4C5C08396092}.Release|Any CPU.ActiveCfg = Release|Any CPU
		{59B58290-1C6B-4965-9D0F-4C5C08396092}.Release|Any CPU.Build.0 = Release|Any CPU
	EndGlobalSection
	GlobalSection(SolutionProperties) = preSolution
		HideSolutionNode = FALSE
	EndGlobalSection
	GlobalSection(ExtensibilityGlobals) = postSolution
		SolutionGuid = {1021A7E3-7BD7-4419-9D6D-0992B227DFAD}
	EndGlobalSection
EndGlobal
